{
  "name": "@padcom/vite-plugin-federation",
  "version": "0.0.7",
  "lockfileVersion": 2,
  "requires": true,
  "packages": {
    "": {
      "name": "@padcom/vite-plugin-federation",
      "version": "0.0.7",
      "license": "MIT",
      "dependencies": {
        "@originjs/vite-plugin-federation": "^1.1.6",
        "dotenv": "^16.0.1"
      }
    },
    "node_modules/@originjs/vite-plugin-federation": {
      "version": "1.1.6",
      "resolved": "https://registry.npmjs.org/@originjs/vite-plugin-federation/-/vite-plugin-federation-1.1.6.tgz",
      "integrity": "sha512-57q4dUlRh54dD06ZQIu32qsebpGiYduuNd2i0JG4+MgM4lGdoo/N/adimSQGiBsRvSk9rxHGM3c5LihWcqj7ow==",
      "dependencies": {
        "estree-walker": "^1.0.1",
        "magic-string": "^0.25.7"
      },
      "engines": {
        "node": ">=12.0.0"
      }
    },
    "node_modules/dotenv": {
      "version": "16.0.1",
      "resolved": "https://registry.npmjs.org/dotenv/-/dotenv-16.0.1.tgz",
      "integrity": "sha512-1K6hR6wtk2FviQ4kEiSjFiH5rpzEVi8WW0x96aztHVMhEspNpc4DVOUTEHtEva5VThQ8IaBX1Pe4gSzpVVUsKQ==",
      "engines": {
        "node": ">=12"
      }
    },
    "node_modules/estree-walker": {
      "version": "1.0.1",
      "resolved": "https://registry.npmjs.org/estree-walker/-/estree-walker-1.0.1.tgz",
      "integrity": "sha512-1fMXF3YP4pZZVozF8j/ZLfvnR8NSIljt56UhbZ5PeeDmmGHpgpdwQt7ITlGvYaQukCvuBRMLEiKiYC+oeIg4cg=="
    },
    "node_modules/magic-string": {
      "version": "0.25.9",
      "resolved": "https://registry.npmjs.org/magic-string/-/magic-string-0.25.9.tgz",
      "integrity": "sha512-RmF0AsMzgt25qzqqLc1+MbHmhdx0ojF2Fvs4XnOqz2ZOBXzzkEwc/dJQZCYHAn7v1jbVOjAZfK8msRn4BxO4VQ==",
      "dependencies": {
        "sourcemap-codec": "^1.4.8"
      }
    },
    "node_modules/sourcemap-codec": {
      "version": "1.4.8",
      "resolved": "https://registry.npmjs.org/sourcemap-codec/-/sourcemap-codec-1.4.8.tgz",
      "integrity": "sha512-9NykojV5Uih4lgo5So5dtw+f0JgJX30KCNI8gwhz2J9A15wD0Ml6tjHKwf6fTSa6fAdVBdZeNOs9eJ71qCk8vA=="
    }
  },
  "dependencies": {
    "@originjs/vite-plugin-federation": {
      "version": "1.1.6",
      "resolved": "https://registry.npmjs.org/@originjs/vite-plugin-federation/-/vite-plugin-federation-1.1.6.tgz",
      "integrity": "sha512-57q4dUlRh54dD06ZQIu32qsebpGiYduuNd2i0JG4+MgM4lGdoo/N/adimSQGiBsRvSk9rxHGM3c5LihWcqj7ow==",
      "requires": {
        "estree-walker": "^1.0.1",
        "magic-string": "^0.25.7"
      }
    },
    "dotenv": {
      "version": "16.0.1",
      "resolved": "https://registry.npmjs.org/dotenv/-/dotenv-16.0.1.tgz",
      "integrity": "sha512-1K6hR6wtk2FviQ4kEiSjFiH5rpzEVi8WW0x96aztHVMhEspNpc4DVOUTEHtEva5VThQ8IaBX1Pe4gSzpVVUsKQ=="
    },
    "estree-walker": {
      "version": "1.0.1",
      "resolved": "https://registry.npmjs.org/estree-walker/-/estree-walker-1.0.1.tgz",
      "integrity": "sha512-1fMXF3YP4pZZVozF8j/ZLfvnR8NSIljt56UhbZ5PeeDmmGHpgpdwQt7ITlGvYaQukCvuBRMLEiKiYC+oeIg4cg=="
    },
    "magic-string": {
      "version": "0.25.9",
      "resolved": "https://registry.npmjs.org/magic-string/-/magic-string-0.25.9.tgz",
      "integrity": "sha512-RmF0AsMzgt25qzqqLc1+MbHmhdx0ojF2Fvs4XnOqz2ZOBXzzkEwc/dJQZCYHAn7v1jbVOjAZfK8msRn4BxO4VQ==",
      "requires": {
        "sourcemap-codec": "^1.4.8"
      }
    },
    "sourcemap-codec": {
      "version": "1.4.8",
      "resolved": "https://registry.npmjs.org/sourcemap-codec/-/sourcemap-codec-1.4.8.tgz",
      "integrity": "sha512-9NykojV5Uih4lgo5So5dtw+f0JgJX30KCNI8gwhz2J9A15wD0Ml6tjHKwf6fTSa6fAdVBdZeNOs9eJ71qCk8vA=="
    }
  }
}
